
Microsoft Visual Studio Solution File, Format Version 12.00
# Visual Studio Version 16
VisualStudioVersion = 16.0.30804.86
MinimumVisualStudioVersion = 10.0.40219.1
Project("{FAE04EC0-301F-11D3-BF4B-00C04F79EFBC}") = "ExtensionMethods", "LinqDemo\ExtensionMethods.csproj", "{F0E4B6E9-75A8-4D40-92BD-5F7900DB1433}"
EndProject
Project("{FAE04EC0-301F-11D3-BF4B-00C04F79EFBC}") = "AggregateFunctions", "AggregateFunctions\AggregateFunctions.csproj", "{1180A8A5-F15A-4DB5-8666-BBA505E262E0}"
EndProject
Project("{FAE04EC0-301F-11D3-BF4B-00C04F79EFBC}") = "RestrictionOperators", "RestrictionOperators\RestrictionOperators.csproj", "{74185B86-8ADA-44C1-AEE4-76978FC5ADF4}"
EndProject
Project("{FAE04EC0-301F-11D3-BF4B-00C04F79EFBC}") = "ProjectionOperators", "ProjectionOperators\ProjectionOperators.csproj", "{1CCC0A6C-5030-4274-BE7C-0E01FA2D0134}"
EndProject
Project("{FAE04EC0-301F-11D3-BF4B-00C04F79EFBC}") = "SelectManyOperator", "SelectManyOperator\SelectManyOperator.csproj", "{3B8D6A51-1D8F-4D2F-BAF9-91249AD6EAB1}"
EndProject
Project("{FAE04EC0-301F-11D3-BF4B-00C04F79EFBC}") = "OrderingOperators", "OrderingOperators\OrderingOperators.csproj", "{6B1CAE16-CD20-4102-B3C5-A4262D5EC340}"
EndProject
Project("{FAE04EC0-301F-11D3-BF4B-00C04F79EFBC}") = "Partitioning Operators", "Partitioning Operators\Partitioning Operators.csproj", "{51E22456-3278-403A-8F26-FC840919E60A}"
EndProject
Project("{FAE04EC0-301F-11D3-BF4B-00C04F79EFBC}") = "Implement paging using skip and take operators", "Implement paging using skip and take operators\Implement paging using skip and take operators.csproj", "{E218C8A9-BF5C-42F8-9F41-E79BE134E6FF}"
EndProject
Project("{FAE04EC0-301F-11D3-BF4B-00C04F79EFBC}") = "CastAndOfTypeOperators", "CastAndOfTypeOperators\CastAndOfTypeOperators.csproj", "{D7139A47-7440-4EF9-A8DD-A20CA778D064}"
EndProject
Project("{FAE04EC0-301F-11D3-BF4B-00C04F79EFBC}") = "GroupByOperator", "GroupByOperator\GroupByOperator.csproj", "{582E9E9E-6C6C-4092-8DE2-780079EEBEDA}"
EndProject
Project("{FAE04EC0-301F-11D3-BF4B-00C04F79EFBC}") = "GroupJoin", "GroupJoin\GroupJoin.csproj", "{BE6BAF45-04B3-491E-8AB2-067406A71266}"
EndProject
Project("{FAE04EC0-301F-11D3-BF4B-00C04F79EFBC}") = "InnerJoin", "InnerJoin\InnerJoin.csproj", "{D6A76295-03F3-47D6-AB12-38EB5F532519}"
EndProject
Project("{FAE04EC0-301F-11D3-BF4B-00C04F79EFBC}") = "Left Outer Join", "Left Outer Join\Left Outer Join.csproj", "{5EC2B399-F8C3-45E3-A93C-604FDDC9BD17}"
EndProject
Project("{FAE04EC0-301F-11D3-BF4B-00C04F79EFBC}") = "CrossJoin", "CrossJoin\CrossJoin.csproj", "{9FC0266D-E739-49AA-9AFC-FAA615468102}"
EndProject
Project("{FAE04EC0-301F-11D3-BF4B-00C04F79EFBC}") = "SetOperators", "SetOperators\SetOperators.csproj", "{C52EFC19-CB4B-4ECA-993E-103999B50C34}"
EndProject
Project("{FAE04EC0-301F-11D3-BF4B-00C04F79EFBC}") = "GenerationOperators", "GenerationOperators\GenerationOperators.csproj", "{5A74F759-851C-41A8-94EC-EFFFF3AB5BF4}"
EndProject
Project("{FAE04EC0-301F-11D3-BF4B-00C04F79EFBC}") = "ConcatOperator", "ConcatOperator\ConcatOperator.csproj", "{7D03D39F-5495-4003-BD29-3306B63B6B6B}"
EndProject
Project("{FAE04EC0-301F-11D3-BF4B-00C04F79EFBC}") = "SequenceEqualOperator", "SequenceEqualOperator\SequenceEqualOperator.csproj", "{904007BE-0E57-466E-96DA-97836A56705F}"
EndProject
Global
	GlobalSection(SolutionConfigurationPlatforms) = preSolution
		Debug|Any CPU = Debug|Any CPU
		Release|Any CPU = Release|Any CPU
	EndGlobalSection
	GlobalSection(ProjectConfigurationPlatforms) = postSolution
		{F0E4B6E9-75A8-4D40-92BD-5F7900DB1433}.Debug|Any CPU.ActiveCfg = Debug|Any CPU
		{F0E4B6E9-75A8-4D40-92BD-5F7900DB1433}.Debug|Any CPU.Build.0 = Debug|Any CPU
		{F0E4B6E9-75A8-4D40-92BD-5F7900DB1433}.Release|Any CPU.ActiveCfg = Release|Any CPU
		{F0E4B6E9-75A8-4D40-92BD-5F7900DB1433}.Release|Any CPU.Build.0 = Release|Any CPU
		{1180A8A5-F15A-4DB5-8666-BBA505E262E0}.Debug|Any CPU.ActiveCfg = Debug|Any CPU
		{1180A8A5-F15A-4DB5-8666-BBA505E262E0}.Debug|Any CPU.Build.0 = Debug|Any CPU
		{1180A8A5-F15A-4DB5-8666-BBA505E262E0}.Release|Any CPU.ActiveCfg = Release|Any CPU
		{1180A8A5-F15A-4DB5-8666-BBA505E262E0}.Release|Any CPU.Build.0 = Release|Any CPU
		{74185B86-8ADA-44C1-AEE4-76978FC5ADF4}.Debug|Any CPU.ActiveCfg = Debug|Any CPU
		{74185B86-8ADA-44C1-AEE4-76978FC5ADF4}.Debug|Any CPU.Build.0 = Debug|Any CPU
		{74185B86-8ADA-44C1-AEE4-76978FC5ADF4}.Release|Any CPU.ActiveCfg = Release|Any CPU
		{74185B86-8ADA-44C1-AEE4-76978FC5ADF4}.Release|Any CPU.Build.0 = Release|Any CPU
		{1CCC0A6C-5030-4274-BE7C-0E01FA2D0134}.Debug|Any CPU.ActiveCfg = Debug|Any CPU
		{1CCC0A6C-5030-4274-BE7C-0E01FA2D0134}.Debug|Any CPU.Build.0 = Debug|Any CPU
		{1CCC0A6C-5030-4274-BE7C-0E01FA2D0134}.Release|Any CPU.ActiveCfg = Release|Any CPU
		{1CCC0A6C-5030-4274-BE7C-0E01FA2D0134}.Release|Any CPU.Build.0 = Release|Any CPU
		{3B8D6A51-1D8F-4D2F-BAF9-91249AD6EAB1}.Debug|Any CPU.ActiveCfg = Debug|Any CPU
		{3B8D6A51-1D8F-4D2F-BAF9-91249AD6EAB1}.Debug|Any CPU.Build.0 = Debug|Any CPU
		{3B8D6A51-1D8F-4D2F-BAF9-91249AD6EAB1}.Release|Any CPU.ActiveCfg = Release|Any CPU
		{3B8D6A51-1D8F-4D2F-BAF9-91249AD6EAB1}.Release|Any CPU.Build.0 = Release|Any CPU
		{6B1CAE16-CD20-4102-B3C5-A4262D5EC340}.Debug|Any CPU.ActiveCfg = Debug|Any CPU
		{6B1CAE16-CD20-4102-B3C5-A4262D5EC340}.Debug|Any CPU.Build.0 = Debug|Any CPU
		{6B1CAE16-CD20-4102-B3C5-A4262D5EC340}.Release|Any CPU.ActiveCfg = Release|Any CPU
		{6B1CAE16-CD20-4102-B3C5-A4262D5EC340}.Release|Any CPU.Build.0 = Release|Any CPU
		{51E22456-3278-403A-8F26-FC840919E60A}.Debug|Any CPU.ActiveCfg = Debug|Any CPU
		{51E22456-3278-403A-8F26-FC840919E60A}.Debug|Any CPU.Build.0 = Debug|Any CPU
		{51E22456-3278-403A-8F26-FC840919E60A}.Release|Any CPU.ActiveCfg = Release|Any CPU
		{51E22456-3278-403A-8F26-FC840919E60A}.Release|Any CPU.Build.0 = Release|Any CPU
		{E218C8A9-BF5C-42F8-9F41-E79BE134E6FF}.Debug|Any CPU.ActiveCfg = Debug|Any CPU
		{E218C8A9-BF5C-42F8-9F41-E79BE134E6FF}.Debug|Any CPU.Build.0 = Debug|Any CPU
		{E218C8A9-BF5C-42F8-9F41-E79BE134E6FF}.Release|Any CPU.ActiveCfg = Release|Any CPU
		{E218C8A9-BF5C-42F8-9F41-E79BE134E6FF}.Release|Any CPU.Build.0 = Release|Any CPU
		{D7139A47-7440-4EF9-A8DD-A20CA778D064}.Debug|Any CPU.ActiveCfg = Debug|Any CPU
		{D7139A47-7440-4EF9-A8DD-A20CA778D064}.Debug|Any CPU.Build.0 = Debug|Any CPU
		{D7139A47-7440-4EF9-A8DD-A20CA778D064}.Release|Any CPU.ActiveCfg = Release|Any CPU
		{D7139A47-7440-4EF9-A8DD-A20CA778D064}.Release|Any CPU.Build.0 = Release|Any CPU
		{582E9E9E-6C6C-4092-8DE2-780079EEBEDA}.Debug|Any CPU.ActiveCfg = Debug|Any CPU
		{582E9E9E-6C6C-4092-8DE2-780079EEBEDA}.Debug|Any CPU.Build.0 = Debug|Any CPU
		{582E9E9E-6C6C-4092-8DE2-780079EEBEDA}.Release|Any CPU.ActiveCfg = Release|Any CPU
		{582E9E9E-6C6C-4092-8DE2-780079EEBEDA}.Release|Any CPU.Build.0 = Release|Any CPU
		{BE6BAF45-04B3-491E-8AB2-067406A71266}.Debug|Any CPU.ActiveCfg = Debug|Any CPU
		{BE6BAF45-04B3-491E-8AB2-067406A71266}.Debug|Any CPU.Build.0 = Debug|Any CPU
		{BE6BAF45-04B3-491E-8AB2-067406A71266}.Release|Any CPU.ActiveCfg = Release|Any CPU
		{BE6BAF45-04B3-491E-8AB2-067406A71266}.Release|Any CPU.Build.0 = Release|Any CPU
		{D6A76295-03F3-47D6-AB12-38EB5F532519}.Debug|Any CPU.ActiveCfg = Debug|Any CPU
		{D6A76295-03F3-47D6-AB12-38EB5F532519}.Debug|Any CPU.Build.0 = Debug|Any CPU
		{D6A76295-03F3-47D6-AB12-38EB5F532519}.Release|Any CPU.ActiveCfg = Release|Any CPU
		{D6A76295-03F3-47D6-AB12-38EB5F532519}.Release|Any CPU.Build.0 = Release|Any CPU
		{5EC2B399-F8C3-45E3-A93C-604FDDC9BD17}.Debug|Any CPU.ActiveCfg = Debug|Any CPU
		{5EC2B399-F8C3-45E3-A93C-604FDDC9BD17}.Debug|Any CPU.Build.0 = Debug|Any CPU
		{5EC2B399-F8C3-45E3-A93C-604FDDC9BD17}.Release|Any CPU.ActiveCfg = Release|Any CPU
		{5EC2B399-F8C3-45E3-A93C-604FDDC9BD17}.Release|Any CPU.Build.0 = Release|Any CPU
		{9FC0266D-E739-49AA-9AFC-FAA615468102}.Debug|Any CPU.ActiveCfg = Debug|Any CPU
		{9FC0266D-E739-49AA-9AFC-FAA615468102}.Debug|Any CPU.Build.0 = Debug|Any CPU
		{9FC0266D-E739-49AA-9AFC-FAA615468102}.Release|Any CPU.ActiveCfg = Release|Any CPU
		{9FC0266D-E739-49AA-9AFC-FAA615468102}.Release|Any CPU.Build.0 = Release|Any CPU
		{C52EFC19-CB4B-4ECA-993E-103999B50C34}.Debug|Any CPU.ActiveCfg = Debug|Any CPU
		{C52EFC19-CB4B-4ECA-993E-103999B50C34}.Debug|Any CPU.Build.0 = Debug|Any CPU
		{C52EFC19-CB4B-4ECA-993E-103999B50C34}.Release|Any CPU.ActiveCfg = Release|Any CPU
		{C52EFC19-CB4B-4ECA-993E-103999B50C34}.Release|Any CPU.Build.0 = Release|Any CPU
		{5A74F759-851C-41A8-94EC-EFFFF3AB5BF4}.Debug|Any CPU.ActiveCfg = Debug|Any CPU
		{5A74F759-851C-41A8-94EC-EFFFF3AB5BF4}.Debug|Any CPU.Build.0 = Debug|Any CPU
		{5A74F759-851C-41A8-94EC-EFFFF3AB5BF4}.Release|Any CPU.ActiveCfg = Release|Any CPU
		{5A74F759-851C-41A8-94EC-EFFFF3AB5BF4}.Release|Any CPU.Build.0 = Release|Any CPU
		{7D03D39F-5495-4003-BD29-3306B63B6B6B}.Debug|Any CPU.ActiveCfg = Debug|Any CPU
		{7D03D39F-5495-4003-BD29-3306B63B6B6B}.Debug|Any CPU.Build.0 = Debug|Any CPU
		{7D03D39F-5495-4003-BD29-3306B63B6B6B}.Release|Any CPU.ActiveCfg = Release|Any CPU
		{7D03D39F-5495-4003-BD29-3306B63B6B6B}.Release|Any CPU.Build.0 = Release|Any CPU
		{904007BE-0E57-466E-96DA-97836A56705F}.Debug|Any CPU.ActiveCfg = Debug|Any CPU
		{904007BE-0E57-466E-96DA-97836A56705F}.Debug|Any CPU.Build.0 = Debug|Any CPU
		{904007BE-0E57-466E-96DA-97836A56705F}.Release|Any CPU.ActiveCfg = Release|Any CPU
		{904007BE-0E57-466E-96DA-97836A56705F}.Release|Any CPU.Build.0 = Release|Any CPU
	EndGlobalSection
	GlobalSection(SolutionProperties) = preSolution
		HideSolutionNode = FALSE
	EndGlobalSection
	GlobalSection(ExtensibilityGlobals) = postSolution
		SolutionGuid = {EDE2E848-B568-4B23-8CDA-EFEBA40CD12C}
	EndGlobalSection
EndGlobal
